// !$*UTF8*$!
{
	archiveVersion = 1;
	classes = {
	};
	objectVersion = 50;
	objects = {

/* Begin PBXBuildFile section */
		4406F47722418B5B00B68EDD /* Main.storyboard in Resources */ = {isa = PBXBuildFile; fileRef = 4406F47522418B5B00B68EDD /* Main.storyboard */; };
		4406F47C22418B5D00B68EDD /* LaunchScreen.storyboard in Resources */ = {isa = PBXBuildFile; fileRef = 4406F47A22418B5D00B68EDD /* LaunchScreen.storyboard */; };
		443243C3224193030082AFDE /* Assets.xcassets in Resources */ = {isa = PBXBuildFile; fileRef = 443243BF224193020082AFDE /* Assets.xcassets */; };
		443243C8224193800082AFDE /* LoginController.swift in Sources */ = {isa = PBXBuildFile; fileRef = 443243C6224193800082AFDE /* LoginController.swift */; };
		443243C9224193800082AFDE /* AppDelegate.swift in Sources */ = {isa = PBXBuildFile; fileRef = 443243C7224193800082AFDE /* AppDelegate.swift */; };
		443243CB224194850082AFDE /* HomeController.swift in Sources */ = {isa = PBXBuildFile; fileRef = 443243CA224194850082AFDE /* HomeController.swift */; };
		443243CF22419D510082AFDE /* CredentialsController.swift in Sources */ = {isa = PBXBuildFile; fileRef = 443243CE22419D510082AFDE /* CredentialsController.swift */; };
		443243D122419D810082AFDE /* ShowPassportController.swift in Sources */ = {isa = PBXBuildFile; fileRef = 443243D022419D810082AFDE /* ShowPassportController.swift */; };
		44DF26D722693829007A4A7C /* Alamofire.framework in Frameworks */ = {isa = PBXBuildFile; fileRef = 44DF26CA226936A1007A4A7C /* Alamofire.framework */; };
		44DF26D822693829007A4A7C /* Alamofire.framework in Embed Frameworks */ = {isa = PBXBuildFile; fileRef = 44DF26CA226936A1007A4A7C /* Alamofire.framework */; settings = {ATTRIBUTES = (CodeSignOnCopy, RemoveHeadersOnCopy, ); }; };
/* End PBXBuildFile section */

/* Begin PBXContainerItemProxy section */
		44DF26C9226936A1007A4A7C /* PBXContainerItemProxy */ = {
			isa = PBXContainerItemProxy;
			containerPortal = 44DF26BE226936A0007A4A7C /* Alamofire.xcodeproj */;
			proxyType = 2;
			remoteGlobalIDString = F8111E3319A95C8B0040E7D1;
			remoteInfo = "Alamofire iOS";
		};
		44DF26CB226936A1007A4A7C /* PBXContainerItemProxy */ = {
			isa = PBXContainerItemProxy;
			containerPortal = 44DF26BE226936A0007A4A7C /* Alamofire.xcodeproj */;
			proxyType = 2;
			remoteGlobalIDString = F8111E3E19A95C8B0040E7D1;
			remoteInfo = "Alamofire iOS Tests";
		};
		44DF26CD226936A1007A4A7C /* PBXContainerItemProxy */ = {
			isa = PBXContainerItemProxy;
			containerPortal = 44DF26BE226936A0007A4A7C /* Alamofire.xcodeproj */;
			proxyType = 2;
			remoteGlobalIDString = 4DD67C0B1A5C55C900ED2280;
			remoteInfo = "Alamofire macOS";
		};
		44DF26CF226936A1007A4A7C /* PBXContainerItemProxy */ = {
			isa = PBXContainerItemProxy;
			containerPortal = 44DF26BE226936A0007A4A7C /* Alamofire.xcodeproj */;
			proxyType = 2;
			remoteGlobalIDString = F829C6B21A7A94F100A2CD59;
			remoteInfo = "Alamofire macOS Tests";
		};
		44DF26D1226936A1007A4A7C /* PBXContainerItemProxy */ = {
			isa = PBXContainerItemProxy;
			containerPortal = 44DF26BE226936A0007A4A7C /* Alamofire.xcodeproj */;
			proxyType = 2;
			remoteGlobalIDString = 4CF626EF1BA7CB3E0011A099;
			remoteInfo = "Alamofire tvOS";
		};
		44DF26D3226936A1007A4A7C /* PBXContainerItemProxy */ = {
			isa = PBXContainerItemProxy;
			containerPortal = 44DF26BE226936A0007A4A7C /* Alamofire.xcodeproj */;
			proxyType = 2;
			remoteGlobalIDString = 4CF626F81BA7CB3E0011A099;
			remoteInfo = "Alamofire tvOS Tests";
		};
		44DF26D5226936A1007A4A7C /* PBXContainerItemProxy */ = {
			isa = PBXContainerItemProxy;
			containerPortal = 44DF26BE226936A0007A4A7C /* Alamofire.xcodeproj */;
			proxyType = 2;
			remoteGlobalIDString = E4202FE01B667AA100C997FB;
			remoteInfo = "Alamofire watchOS";
		};
		44DF26D92269382A007A4A7C /* PBXContainerItemProxy */ = {
			isa = PBXContainerItemProxy;
			containerPortal = 44DF26BE226936A0007A4A7C /* Alamofire.xcodeproj */;
			proxyType = 1;
			remoteGlobalIDString = F8111E3219A95C8B0040E7D1;
			remoteInfo = "Alamofire iOS";
		};
/* End PBXContainerItemProxy section */

/* Begin PBXCopyFilesBuildPhase section */
		44DF26DB2269382A007A4A7C /* Embed Frameworks */ = {
			isa = PBXCopyFilesBuildPhase;
			buildActionMask = 2147483647;
			dstPath = "";
			dstSubfolderSpec = 10;
			files = (
				44DF26D822693829007A4A7C /* Alamofire.framework in Embed Frameworks */,
			);
			name = "Embed Frameworks";
			runOnlyForDeploymentPostprocessing = 0;
		};
/* End PBXCopyFilesBuildPhase section */

/* Begin PBXFileReference section */
		4406F46E22418B5B00B68EDD /* iTraveller.app */ = {isa = PBXFileReference; explicitFileType = wrapper.application; includeInIndex = 0; path = iTraveller.app; sourceTree = BUILT_PRODUCTS_DIR; };
		4406F47622418B5B00B68EDD /* Base */ = {isa = PBXFileReference; lastKnownFileType = file.storyboard; name = Base; path = Base.lproj/Main.storyboard; sourceTree = "<group>"; };
		4406F47B22418B5D00B68EDD /* Base */ = {isa = PBXFileReference; lastKnownFileType = file.storyboard; name = Base; path = Base.lproj/LaunchScreen.storyboard; sourceTree = "<group>"; };
		4406F47D22418B5D00B68EDD /* Info.plist */ = {isa = PBXFileReference; lastKnownFileType = text.plist.xml; path = Info.plist; sourceTree = "<group>"; };
		443243BF224193020082AFDE /* Assets.xcassets */ = {isa = PBXFileReference; lastKnownFileType = folder.assetcatalog; path = Assets.xcassets; sourceTree = "<group>"; };
		443243C6224193800082AFDE /* LoginController.swift */ = {isa = PBXFileReference; fileEncoding = 4; lastKnownFileType = sourcecode.swift; path = LoginController.swift; sourceTree = "<group>"; };
		443243C7224193800082AFDE /* AppDelegate.swift */ = {isa = PBXFileReference; fileEncoding = 4; lastKnownFileType = sourcecode.swift; path = AppDelegate.swift; sourceTree = "<group>"; };
		443243CA224194850082AFDE /* HomeController.swift */ = {isa = PBXFileReference; lastKnownFileType = sourcecode.swift; path = HomeController.swift; sourceTree = "<group>"; };
		443243CE22419D510082AFDE /* CredentialsController.swift */ = {isa = PBXFileReference; lastKnownFileType = sourcecode.swift; path = CredentialsController.swift; sourceTree = "<group>"; };
		443243D022419D810082AFDE /* ShowPassportController.swift */ = {isa = PBXFileReference; lastKnownFileType = sourcecode.swift; path = ShowPassportController.swift; sourceTree = "<group>"; };
		44DF26BE226936A0007A4A7C /* Alamofire.xcodeproj */ = {isa = PBXFileReference; lastKnownFileType = "wrapper.pb-project"; name = Alamofire.xcodeproj; path = Alamofire/Alamofire.xcodeproj; sourceTree = "<group>"; };
/* End PBXFileReference section */

/* Begin PBXFrameworksBuildPhase section */
		4406F46B22418B5B00B68EDD /* Frameworks */ = {
			isa = PBXFrameworksBuildPhase;
			buildActionMask = 2147483647;
			files = (
				44DF26D722693829007A4A7C /* Alamofire.framework in Frameworks */,
			);
			runOnlyForDeploymentPostprocessing = 0;
		};
/* End PBXFrameworksBuildPhase section */

/* Begin PBXGroup section */
		4406F46522418B5B00B68EDD = {
			isa = PBXGroup;
			children = (
				44DF26BE226936A0007A4A7C /* Alamofire.xcodeproj */,
				4406F47022418B5B00B68EDD /* iTraveller */,
				4406F46F22418B5B00B68EDD /* Products */,
			);
			sourceTree = "<group>";
		};
		4406F46F22418B5B00B68EDD /* Products */ = {
			isa = PBXGroup;
			children = (
				4406F46E22418B5B00B68EDD /* iTraveller.app */,
			);
			name = Products;
			sourceTree = "<group>";
		};
		4406F47022418B5B00B68EDD /* iTraveller */ = {
			isa = PBXGroup;
			children = (
				443243D32241AC320082AFDE /* Controller */,
				443243D22241AC280082AFDE /* View */,
				443243BF224193020082AFDE /* Assets.xcassets */,
				4406F47D22418B5D00B68EDD /* Info.plist */,
			);
			path = iTraveller;
			sourceTree = "<group>";
		};
		443243D22241AC280082AFDE /* View */ = {
			isa = PBXGroup;
			children = (
				4406F47A22418B5D00B68EDD /* LaunchScreen.storyboard */,
				4406F47522418B5B00B68EDD /* Main.storyboard */,
			);
			path = View;
			sourceTree = "<group>";
		};
		443243D32241AC320082AFDE /* Controller */ = {
			isa = PBXGroup;
			children = (
				443243C7224193800082AFDE /* AppDelegate.swift */,
				443243C6224193800082AFDE /* LoginController.swift */,
				443243CA224194850082AFDE /* HomeController.swift */,
				443243CE22419D510082AFDE /* CredentialsController.swift */,
				443243D022419D810082AFDE /* ShowPassportController.swift */,
			);
			path = Controller;
			sourceTree = "<group>";
		};
		44DF26BF226936A0007A4A7C /* Products */ = {
			isa = PBXGroup;
			children = (
				44DF26CA226936A1007A4A7C /* Alamofire.framework */,
				44DF26CC226936A1007A4A7C /* Alamofire iOS Tests.xctest */,
				44DF26CE226936A1007A4A7C /* Alamofire.framework */,
				44DF26D0226936A1007A4A7C /* Alamofire macOS Tests.xctest */,
				44DF26D2226936A1007A4A7C /* Alamofire.framework */,
				44DF26D4226936A1007A4A7C /* Alamofire tvOS Tests.xctest */,
				44DF26D6226936A1007A4A7C /* Alamofire.framework */,
			);
			name = Products;
			sourceTree = "<group>";
		};
/* End PBXGroup section */

/* Begin PBXNativeTarget section */
		4406F46D22418B5B00B68EDD /* iTraveller */ = {
			isa = PBXNativeTarget;
			buildConfigurationList = 4406F48022418B5D00B68EDD /* Build configuration list for PBXNativeTarget "iTraveller" */;
			buildPhases = (
				4406F46A22418B5B00B68EDD /* Sources */,
				4406F46B22418B5B00B68EDD /* Frameworks */,
				4406F46C22418B5B00B68EDD /* Resources */,
				44DF26DB2269382A007A4A7C /* Embed Frameworks */,
			);
			buildRules = (
			);
			dependencies = (
				44DF26DA2269382A007A4A7C /* PBXTargetDependency */,
			);
			name = iTraveller;
			productName = iTraveller;
			productReference = 4406F46E22418B5B00B68EDD /* iTraveller.app */;
			productType = "com.apple.product-type.application";
		};
/* End PBXNativeTarget section */

/* Begin PBXProject section */
		4406F46622418B5B00B68EDD /* Project object */ = {
			isa = PBXProject;
			attributes = {
				LastSwiftUpdateCheck = 1010;
				LastUpgradeCheck = 1010;
				ORGANIZATIONNAME = PrintAndGo;
				TargetAttributes = {
					4406F46D22418B5B00B68EDD = {
						CreatedOnToolsVersion = 10.1;
						LastSwiftMigration = 1010;
					};
				};
			};
			buildConfigurationList = 4406F46922418B5B00B68EDD /* Build configuration list for PBXProject "iTraveller" */;
			compatibilityVersion = "Xcode 9.3";
			developmentRegion = en;
			hasScannedForEncodings = 0;
			knownRegions = (
				en,
				Base,
			);
			mainGroup = 4406F46522418B5B00B68EDD;
			productRefGroup = 4406F46F22418B5B00B68EDD /* Products */;
			projectDirPath = "";
			projectReferences = (
				{
					ProductGroup = 44DF26BF226936A0007A4A7C /* Products */;
					ProjectRef = 44DF26BE226936A0007A4A7C /* Alamofire.xcodeproj */;
				},
			);
			projectRoot = "";
			targets = (
				4406F46D22418B5B00B68EDD /* iTraveller */,
			);
		};
/* End PBXProject section */

/* Begin PBXReferenceProxy section */
		44DF26CA226936A1007A4A7C /* Alamofire.framework */ = {
			isa = PBXReferenceProxy;
			fileType = wrapper.framework;
			path = Alamofire.framework;
			remoteRef = 44DF26C9226936A1007A4A7C /* PBXContainerItemProxy */;
			sourceTree = BUILT_PRODUCTS_DIR;
		};
		44DF26CC226936A1007A4A7C /* Alamofire iOS Tests.xctest */ = {
			isa = PBXReferenceProxy;
			fileType = wrapper.cfbundle;
			path = "Alamofire iOS Tests.xctest";
			remoteRef = 44DF26CB226936A1007A4A7C /* PBXContainerItemProxy */;
			sourceTree = BUILT_PRODUCTS_DIR;
		};
		44DF26CE226936A1007A4A7C /* Alamofire.framework */ = {
			isa = PBXReferenceProxy;
			fileType = wrapper.framework;
			path = Alamofire.framework;
			remoteRef = 44DF26CD226936A1007A4A7C /* PBXContainerItemProxy */;
			sourceTree = BUILT_PRODUCTS_DIR;
		};
		44DF26D0226936A1007A4A7C /* Alamofire macOS Tests.xctest */ = {
			isa = PBXReferenceProxy;
			fileType = wrapper.cfbundle;
			path = "Alamofire macOS Tests.xctest";
			remoteRef = 44DF26CF226936A1007A4A7C /* PBXContainerItemProxy */;
			sourceTree = BUILT_PRODUCTS_DIR;
		};
		44DF26D2226936A1007A4A7C /* Alamofire.framework */ = {
			isa = PBXReferenceProxy;
			fileType = wrapper.framework;
			path = Alamofire.framework;
			remoteRef = 44DF26D1226936A1007A4A7C /* PBXContainerItemProxy */;
			sourceTree = BUILT_PRODUCTS_DIR;
		};
		44DF26D4226936A1007A4A7C /* Alamofire tvOS Tests.xctest */ = {
			isa = PBXReferenceProxy;
			fileType = wrapper.cfbundle;
			path = "Alamofire tvOS Tests.xctest";
			remoteRef = 44DF26D3226936A1007A4A7C /* PBXContainerItemProxy */;
			sourceTree = BUILT_PRODUCTS_DIR;
		};
		44DF26D6226936A1007A4A7C /* Alamofire.framework */ = {
			isa = PBXReferenceProxy;
			fileType = wrapper.framework;
			path = Alamofire.framework;
			remoteRef = 44DF26D5226936A1007A4A7C /* PBXContainerItemProxy */;
			sourceTree = BUILT_PRODUCTS_DIR;
		};
/* End PBXReferenceProxy section */

/* Begin PBXResourcesBuildPhase section */
		4406F46C22418B5B00B68EDD /* Resources */ = {
			isa = PBXResourcesBuildPhase;
			buildActionMask = 2147483647;
			files = (
				4406F47C22418B5D00B68EDD /* LaunchScreen.storyboard in Resources */,
				4406F47722418B5B00B68EDD /* Main.storyboard in Resources */,
				443243C3224193030082AFDE /* Assets.xcassets in Resources */,
			);
			runOnlyForDeploymentPostprocessing = 0;
		};
/* End PBXResourcesBuildPhase section */

/* Begin PBXSourcesBuildPhase section */
		4406F46A22418B5B00B68EDD /* Sources */ = {
			isa = PBXSourcesBuildPhase;
			buildActionMask = 2147483647;
			files = (
				443243CF22419D510082AFDE /* CredentialsController.swift in Sources */,
				443243C9224193800082AFDE /* AppDelegate.swift in Sources */,
				443243C8224193800082AFDE /* LoginController.swift in Sources */,
				443243D122419D810082AFDE /* ShowPassportController.swift in Sources */,
				443243CB224194850082AFDE /* HomeController.swift in Sources */,
			);
			runOnlyForDeploymentPostprocessing = 0;
		};
/* End PBXSourcesBuildPhase section */

/* Begin PBXTargetDependency section */
		44DF26DA2269382A007A4A7C /* PBXTargetDependency */ = {
			isa = PBXTargetDependency;
			name = "Alamofire iOS";
			targetProxy = 44DF26D92269382A007A4A7C /* PBXContainerItemProxy */;
		};
/* End PBXTargetDependency section */

/* Begin PBXVariantGroup section */
		4406F47522418B5B00B68EDD /* Main.storyboard */ = {
			isa = PBXVariantGroup;
			children = (
				4406F47622418B5B00B68EDD /* Base */,
			);
			name = Main.storyboard;
			sourceTree = "<group>";
		};
		4406F47A22418B5D00B68EDD /* LaunchScreen.storyboard */ = {
			isa = PBXVariantGroup;
			children = (
				4406F47B22418B5D00B68EDD /* Base */,
			);
			name = LaunchScreen.storyboard;
			sourceTree = "<group>";
		};
/* End PBXVariantGroup section */

/* Begin XCBuildConfiguration section */
		4406F47E22418B5D00B68EDD /* Debug */ = {
			isa = XCBuildConfiguration;
			buildSettings = {
				ALWAYS_SEARCH_USER_PATHS = NO;
				CLANG_ANALYZER_NONNULL = YES;
				CLANG_ANALYZER_NUMBER_OBJECT_CONVERSION = YES_AGGRESSIVE;
				CLANG_CXX_LANGUAGE_STANDARD = "gnu++14";
				CLANG_CXX_LIBRARY = "libc++";
				CLANG_ENABLE_MODULES = YES;
				CLANG_ENABLE_OBJC_ARC = YES;
				CLANG_ENABLE_OBJC_WEAK = YES;
				CLANG_WARN_BLOCK_CAPTURE_AUTORELEASING = YES;
				CLANG_WARN_BOOL_CONVERSION = YES;
				CLANG_WARN_COMMA = YES;
				CLANG_WARN_CONSTANT_CONVERSION = YES;
				CLANG_WARN_DEPRECATED_OBJC_IMPLEMENTATIONS = YES;
				CLANG_WARN_DIRECT_OBJC_ISA_USAGE = YES_ERROR;
				CLANG_WARN_DOCUMENTATION_COMMENTS = YES;
				CLANG_WARN_EMPTY_BODY = YES;
				CLANG_WARN_ENUM_CONVERSION = YES;
				CLANG_WARN_INFINITE_RECURSION = YES;
				CLANG_WARN_INT_CONVERSION = YES;
				CLANG_WARN_NON_LITERAL_NULL_CONVERSION = YES;
				CLANG_WARN_OBJC_IMPLICIT_RETAIN_SELF = YES;
				CLANG_WARN_OBJC_LITERAL_CONVERSION = YES;
				CLANG_WARN_OBJC_ROOT_CLASS = YES_ERROR;
				CLANG_WARN_RANGE_LOOP_ANALYSIS = YES;
				CLANG_WARN_STRICT_PROTOTYPES = YES;
				CLANG_WARN_SUSPICIOUS_MOVE = YES;
				CLANG_WARN_UNGUARDED_AVAILABILITY = YES_AGGRESSIVE;
				CLANG_WARN_UNREACHABLE_CODE = YES;
				CLANG_WARN__DUPLICATE_METHOD_MATCH = YES;
				CODE_SIGN_IDENTITY = "iPhone Developer";
				COPY_PHASE_STRIP = NO;
				DEBUG_INFORMATION_FORMAT = dwarf;
				ENABLE_STRICT_OBJC_MSGSEND = YES;
				ENABLE_TESTABILITY = YES;
				GCC_C_LANGUAGE_STANDARD = gnu11;
				GCC_DYNAMIC_NO_PIC = NO;
				GCC_NO_COMMON_BLOCKS = YES;
				GCC_OPTIMIZATION_LEVEL = 0;
				GCC_PREPROCESSOR_DEFINITIONS = (
					"DEBUG=1",
					"$(inherited)",
				);
				GCC_WARN_64_TO_32_BIT_CONVERSION = YES;
				GCC_WARN_ABOUT_RETURN_TYPE = YES_ERROR;
				GCC_WARN_UNDECLARED_SELECTOR = YES;
				GCC_WARN_UNINITIALIZED_AUTOS = YES_AGGRESSIVE;
				GCC_WARN_UNUSED_FUNCTION = YES;
				GCC_WARN_UNUSED_VARIABLE = YES;
				IPHONEOS_DEPLOYMENT_TARGET = 12.1;
				MTL_ENABLE_DEBUG_INFO = INCLUDE_SOURCE;
				MTL_FAST_MATH = YES;
				ONLY_ACTIVE_ARCH = YES;
				SDKROOT = iphoneos;
				SWIFT_ACTIVE_COMPILATION_CONDITIONS = DEBUG;
				SWIFT_OPTIMIZATION_LEVEL = "-Onone";
			};
			name = Debug;
		};
		4406F47F22418B5D00B68EDD /* Release */ = {
			isa = XCBuildConfiguration;
			buildSettings = {
				ALWAYS_SEARCH_USER_PATHS = NO;
				CLANG_ANALYZER_NONNULL = YES;
				CLANG_ANALYZER_NUMBER_OBJECT_CONVERSION = YES_AGGRESSIVE;
				CLANG_CXX_LANGUAGE_STANDARD = "gnu++14";
				CLANG_CXX_LIBRARY = "libc++";
				CLANG_ENABLE_MODULES = YES;
				CLANG_ENABLE_OBJC_ARC = YES;
				CLANG_ENABLE_OBJC_WEAK = YES;
				CLANG_WARN_BLOCK_CAPTURE_AUTORELEASING = YES;
				CLANG_WARN_BOOL_CONVERSION = YES;
				CLANG_WARN_COMMA = YES;
				CLANG_WARN_CONSTANT_CONVERSION = YES;
				CLANG_WARN_DEPRECATED_OBJC_IMPLEMENTATIONS = YES;
				CLANG_WARN_DIRECT_OBJC_ISA_USAGE = YES_ERROR;
				CLANG_WARN_DOCUMENTATION_COMMENTS = YES;
				CLANG_WARN_EMPTY_BODY = YES;
				CLANG_WARN_ENUM_CONVERSION = YES;
				CLANG_WARN_INFINITE_RECURSION = YES;
				CLANG_WARN_INT_CONVERSION = YES;
				CLANG_WARN_NON_LITERAL_NULL_CONVERSION = YES;
				CLANG_WARN_OBJC_IMPLICIT_RETAIN_SELF = YES;
				CLANG_WARN_OBJC_LITERAL_CONVERSION = YES;
				CLANG_WARN_OBJC_ROOT_CLASS = YES_ERROR;
				CLANG_WARN_RANGE_LOOP_ANALYSIS = YES;
				CLANG_WARN_STRICT_PROTOTYPES = YES;
				CLANG_WARN_SUSPICIOUS_MOVE = YES;
				CLANG_WARN_UNGUARDED_AVAILABILITY = YES_AGGRESSIVE;
				CLANG_WARN_UNREACHABLE_CODE = YES;
				CLANG_WARN__DUPLICATE_METHOD_MATCH = YES;
				CODE_SIGN_IDENTITY = "iPhone Developer";
				COPY_PHASE_STRIP = NO;
				DEBUG_INFORMATION_FORMAT = "dwarf-with-dsym";
				ENABLE_NS_ASSERTIONS = NO;
				ENABLE_STRICT_OBJC_MSGSEND = YES;
				GCC_C_LANGUAGE_STANDARD = gnu11;
				GCC_NO_COMMON_BLOCKS = YES;
				GCC_WARN_64_TO_32_BIT_CONVERSION = YES;
				GCC_WARN_ABOUT_RETURN_TYPE = YES_ERROR;
				GCC_WARN_UNDECLARED_SELECTOR = YES;
				GCC_WARN_UNINITIALIZED_AUTOS = YES_AGGRESSIVE;
				GCC_WARN_UNUSED_FUNCTION = YES;
				GCC_WARN_UNUSED_VARIABLE = YES;
				IPHONEOS_DEPLOYMENT_TARGET = 12.1;
				MTL_ENABLE_DEBUG_INFO = NO;
				MTL_FAST_MATH = YES;
				SDKROOT = iphoneos;
				SWIFT_COMPILATION_MODE = wholemodule;
				SWIFT_OPTIMIZATION_LEVEL = "-O";
				VALIDATE_PRODUCT = YES;
			};
			name = Release;
		};
		4406F48122418B5D00B68EDD /* Debug */ = {
			isa = XCBuildConfiguration;
			buildSettings = {
				ALWAYS_EMBED_SWIFT_STANDARD_LIBRARIES = YES;
				ASSETCATALOG_COMPILER_APPICON_NAME = AppIcon;
				CLANG_ENABLE_MODULES = YES;
				CODE_SIGN_STYLE = Automatic;
				DEVELOPMENT_TEAM = 58NM68BN9H;
				INFOPLIST_FILE = iTraveller/Info.plist;
				LD_RUNPATH_SEARCH_PATHS = (
					"$(inherited)",
					"@executable_path/Frameworks",
				);
				PRODUCT_BUNDLE_IDENTIFIER = com.PrintAndGo.iTraveller;
				PRODUCT_NAME = "$(TARGET_NAME)";
				SWIFT_OPTIMIZATION_LEVEL = "-Onone";
				SWIFT_VERSION = 4.2;
				TARGETED_DEVICE_FAMILY = "1,2";
			};
			name = Debug;
		};
		4406F48222418B5D00B68EDD /* Release */ = {
			isa = XCBuildConfiguration;
			buildSettings = {
				ALWAYS_EMBED_SWIFT_STANDARD_LIBRARIES = YES;
				ASSETCATALOG_COMPILER_APPICON_NAME = AppIcon;
				CLANG_ENABLE_MODULES = YES;
				CODE_SIGN_STYLE = Automatic;
				DEVELOPMENT_TEAM = 58NM68BN9H;
				INFOPLIST_FILE = iTraveller/Info.plist;
				LD_RUNPATH_SEARCH_PATHS = (
					"$(inherited)",
					"@executable_path/Frameworks",
				);
				PRODUCT_BUNDLE_IDENTIFIER = com.PrintAndGo.iTraveller;
				PRODUCT_NAME = "$(TARGET_NAME)";
				SWIFT_VERSION = 4.2;
				TARGETED_DEVICE_FAMILY = "1,2";
			};
			name = Release;
		};
/* End XCBuildConfiguration section */

/* Begin XCConfigurationList section */
		4406F46922418B5B00B68EDD /* Build configuration list for PBXProject "iTraveller" */ = {
			isa = XCConfigurationList;
			buildConfigurations = (
				4406F47E22418B5D00B68EDD /* Debug */,
				4406F47F22418B5D00B68EDD /* Release */,
			);
			defaultConfigurationIsVisible = 0;
			defaultConfigurationName = Release;
		};
		4406F48022418B5D00B68EDD /* Build configuration list for PBXNativeTarget "iTraveller" */ = {
			isa = XCConfigurationList;
			buildConfigurations = (
				4406F48122418B5D00B68EDD /* Debug */,
				4406F48222418B5D00B68EDD /* Release */,
			);
			defaultConfigurationIsVisible = 0;
			defaultConfigurationName = Release;
		};
/* End XCConfigurationList section */
	};
	rootObject = 4406F46622418B5B00B68EDD /* Project object */;
}
